
Microsoft Visual Studio Solution File, Format Version 12.00
# Visual Studio 15
VisualStudioVersion = 15.0.28307.329
MinimumVisualStudioVersion = 10.0.40219.1
Project("{FAE04EC0-301F-11D3-BF4B-00C04F79EFBC}") = "64BitsDetect", "64BitsDetect.csproj", "{07C7A7B9-66CA-49C8-9E4E-44A5A9BD7B4B}"
EndProject
Global
	GlobalSection(SolutionConfigurationPlatforms) = preSolution
		Debug|Any CPU = Debug|Any CPU
		Release|Any CPU = Release|Any CPU
	EndGlobalSection
	GlobalSection(ProjectConfigurationPlatforms) = postSolution
		{07C7A7B9-66CA-49C8-9E4E-44A5A9BD7B4B}.Debug|Any CPU.ActiveCfg = Debug|Any CPU
		{07C7A7B9-66CA-49C8-9E4E-44A5A9BD7B4B}.Debug|Any CPU.Build.0 = Debug|Any CPU
		{07C7A7B9-66CA-49C8-9E4E-44A5A9BD7B4B}.Release|Any CPU.ActiveCfg = Release|Any CPU
		{07C7A7B9-66CA-49C8-9E4E-44A5A9BD7B4B}.Release|Any CPU.Build.0 = Release|Any CPU
	EndGlobalSection
	GlobalSection(SolutionProperties) = preSolution
		HideSolutionNode = FALSE
	EndGlobalSection
	GlobalSection(ExtensibilityGlobals) = postSolution
		SolutionGuid = {755D8624-F147-4294-8D58-E38909B31A62}
	EndGlobalSection
EndGlobal
